// !$*UTF8*$!
{
	archiveVersion = 1;
	classes = {
	};
	objectVersion = 50;
	objects = {

/* Begin PBXBuildFile section */
		FB334D0C234D0E3800A33599 /* AppDelegate.swift in Sources */ = {isa = PBXBuildFile; fileRef = FB334D0B234D0E3800A33599 /* AppDelegate.swift */; };
		FB334D11234D0E3800A33599 /* Main.storyboard in Resources */ = {isa = PBXBuildFile; fileRef = FB334D0F234D0E3800A33599 /* Main.storyboard */; };
		FB334D13234D0E3900A33599 /* Assets.xcassets in Resources */ = {isa = PBXBuildFile; fileRef = FB334D12234D0E3900A33599 /* Assets.xcassets */; };
		FB334D16234D0E3900A33599 /* LaunchScreen.storyboard in Resources */ = {isa = PBXBuildFile; fileRef = FB334D14234D0E3900A33599 /* LaunchScreen.storyboard */; };
		FB334D22234D116200A33599 /* IncorrectBuzz.wav in Resources */ = {isa = PBXBuildFile; fileRef = FB334D20234D116200A33599 /* IncorrectBuzz.wav */; };
		FB334D23234D116200A33599 /* CorrectDing.wav in Resources */ = {isa = PBXBuildFile; fileRef = FB334D21234D116200A33599 /* CorrectDing.wav */; };
		FB334D25234D11BF00A33599 /* GamePlayVC.swift in Sources */ = {isa = PBXBuildFile; fileRef = FB334D24234D11BF00A33599 /* GamePlayVC.swift */; };
		FB334D27234D11E900A33599 /* GameScoresVC.swift in Sources */ = {isa = PBXBuildFile; fileRef = FB334D26234D11E900A33599 /* GameScoresVC.swift */; };
		FB334D29234D124400A33599 /* SoundEffectsPlayer.swift in Sources */ = {isa = PBXBuildFile; fileRef = FB334D28234D124400A33599 /* SoundEffectsPlayer.swift */; };
		FB334D2B234D126600A33599 /* BoutTimeGame.swift in Sources */ = {isa = PBXBuildFile; fileRef = FB334D2A234D126600A33599 /* BoutTimeGame.swift */; };
		FB334D2D234D128500A33599 /* RandomEventsGenerator.swift in Sources */ = {isa = PBXBuildFile; fileRef = FB334D2C234D128500A33599 /* RandomEventsGenerator.swift */; };
		FB334D2F234D129C00A33599 /* Event.swift in Sources */ = {isa = PBXBuildFile; fileRef = FB334D2E234D129C00A33599 /* Event.swift */; };
		FB334D31234D12E100A33599 /* WorldEvents.plist in Resources */ = {isa = PBXBuildFile; fileRef = FB334D30234D12E100A33599 /* WorldEvents.plist */; };
/* End PBXBuildFile section */

/* Begin PBXFileReference section */
		FB334D08234D0E3800A33599 /* 'Bout Time.app */ = {isa = PBXFileReference; explicitFileType = wrapper.application; includeInIndex = 0; path = "'Bout Time.app"; sourceTree = BUILT_PRODUCTS_DIR; };
		FB334D0B234D0E3800A33599 /* AppDelegate.swift */ = {isa = PBXFileReference; lastKnownFileType = sourcecode.swift; path = AppDelegate.swift; sourceTree = "<group>"; };
		FB334D10234D0E3800A33599 /* Base */ = {isa = PBXFileReference; lastKnownFileType = file.storyboard; name = Base; path = Base.lproj/Main.storyboard; sourceTree = "<group>"; };
		FB334D12234D0E3900A33599 /* Assets.xcassets */ = {isa = PBXFileReference; lastKnownFileType = folder.assetcatalog; path = Assets.xcassets; sourceTree = "<group>"; };
		FB334D15234D0E3900A33599 /* Base */ = {isa = PBXFileReference; lastKnownFileType = file.storyboard; name = Base; path = Base.lproj/LaunchScreen.storyboard; sourceTree = "<group>"; };
		FB334D17234D0E3900A33599 /* Info.plist */ = {isa = PBXFileReference; lastKnownFileType = text.plist.xml; path = Info.plist; sourceTree = "<group>"; };
		FB334D20234D116200A33599 /* IncorrectBuzz.wav */ = {isa = PBXFileReference; lastKnownFileType = audio.wav; path = IncorrectBuzz.wav; sourceTree = "<group>"; };
		FB334D21234D116200A33599 /* CorrectDing.wav */ = {isa = PBXFileReference; lastKnownFileType = audio.wav; path = CorrectDing.wav; sourceTree = "<group>"; };
		FB334D24234D11BF00A33599 /* GamePlayVC.swift */ = {isa = PBXFileReference; lastKnownFileType = sourcecode.swift; path = GamePlayVC.swift; sourceTree = "<group>"; };
		FB334D26234D11E900A33599 /* GameScoresVC.swift */ = {isa = PBXFileReference; lastKnownFileType = sourcecode.swift; path = GameScoresVC.swift; sourceTree = "<group>"; };
		FB334D28234D124400A33599 /* SoundEffectsPlayer.swift */ = {isa = PBXFileReference; lastKnownFileType = sourcecode.swift; path = SoundEffectsPlayer.swift; sourceTree = "<group>"; };
		FB334D2A234D126600A33599 /* BoutTimeGame.swift */ = {isa = PBXFileReference; lastKnownFileType = sourcecode.swift; path = BoutTimeGame.swift; sourceTree = "<group>"; };
		FB334D2C234D128500A33599 /* RandomEventsGenerator.swift */ = {isa = PBXFileReference; lastKnownFileType = sourcecode.swift; path = RandomEventsGenerator.swift; sourceTree = "<group>"; };
		FB334D2E234D129C00A33599 /* Event.swift */ = {isa = PBXFileReference; lastKnownFileType = sourcecode.swift; path = Event.swift; sourceTree = "<group>"; };
		FB334D30234D12E100A33599 /* WorldEvents.plist */ = {isa = PBXFileReference; fileEncoding = 4; lastKnownFileType = text.plist.xml; path = WorldEvents.plist; sourceTree = "<group>"; };
/* End PBXFileReference section */

/* Begin PBXFrameworksBuildPhase section */
		FB334D05234D0E3800A33599 /* Frameworks */ = {
			isa = PBXFrameworksBuildPhase;
			buildActionMask = 2147483647;
			files = (
			);
			runOnlyForDeploymentPostprocessing = 0;
		};
/* End PBXFrameworksBuildPhase section */

/* Begin PBXGroup section */
		FB334CFF234D0E3800A33599 = {
			isa = PBXGroup;
			children = (
				FB334D0A234D0E3800A33599 /* 'Bout Time */,
				FB334D09234D0E3800A33599 /* Products */,
			);
			sourceTree = "<group>";
		};
		FB334D09234D0E3800A33599 /* Products */ = {
			isa = PBXGroup;
			children = (
				FB334D08234D0E3800A33599 /* 'Bout Time.app */,
			);
			name = Products;
			sourceTree = "<group>";
		};
		FB334D0A234D0E3800A33599 /* 'Bout Time */ = {
			isa = PBXGroup;
			children = (
				FB334D1F234D112500A33599 /* GameSounds */,
				FB334D1E234D111800A33599 /* Model */,
				FB334D1D234D110600A33599 /* Controller */,
				FB334D0B234D0E3800A33599 /* AppDelegate.swift */,
				FB334D0F234D0E3800A33599 /* Main.storyboard */,
				FB334D12234D0E3900A33599 /* Assets.xcassets */,
				FB334D14234D0E3900A33599 /* LaunchScreen.storyboard */,
				FB334D30234D12E100A33599 /* WorldEvents.plist */,
				FB334D17234D0E3900A33599 /* Info.plist */,
			);
			path = "'Bout Time";
			sourceTree = "<group>";
		};
		FB334D1D234D110600A33599 /* Controller */ = {
			isa = PBXGroup;
			children = (
				FB334D24234D11BF00A33599 /* GamePlayVC.swift */,
				FB334D26234D11E900A33599 /* GameScoresVC.swift */,
			);
			path = Controller;
			sourceTree = "<group>";
		};
		FB334D1E234D111800A33599 /* Model */ = {
			isa = PBXGroup;
			children = (
				FB334D28234D124400A33599 /* SoundEffectsPlayer.swift */,
				FB334D2A234D126600A33599 /* BoutTimeGame.swift */,
				FB334D2C234D128500A33599 /* RandomEventsGenerator.swift */,
				FB334D2E234D129C00A33599 /* Event.swift */,
			);
			path = Model;
			sourceTree = "<group>";
		};
		FB334D1F234D112500A33599 /* GameSounds */ = {
			isa = PBXGroup;
			children = (
				FB334D21234D116200A33599 /* CorrectDing.wav */,
				FB334D20234D116200A33599 /* IncorrectBuzz.wav */,
			);
			path = GameSounds;
			sourceTree = "<group>";
		};
/* End PBXGroup section */

/* Begin PBXNativeTarget section */
		FB334D07234D0E3800A33599 /* 'Bout Time */ = {
			isa = PBXNativeTarget;
			buildConfigurationList = FB334D1A234D0E3900A33599 /* Build configuration list for PBXNativeTarget "'Bout Time" */;
			buildPhases = (
				FB334D04234D0E3800A33599 /* Sources */,
				FB334D05234D0E3800A33599 /* Frameworks */,
				FB334D06234D0E3800A33599 /* Resources */,
			);
			buildRules = (
			);
			dependencies = (
			);
			name = "'Bout Time";
			productName = "'Bout Time";
			productReference = FB334D08234D0E3800A33599 /* 'Bout Time.app */;
			productType = "com.apple.product-type.application";
		};
/* End PBXNativeTarget section */

/* Begin PBXProject section */
		FB334D00234D0E3800A33599 /* Project object */ = {
			isa = PBXProject;
			attributes = {
				LastSwiftUpdateCheck = 1010;
				LastUpgradeCheck = 1010;
				ORGANIZATIONNAME = thechoygroup;
				TargetAttributes = {
					FB334D07234D0E3800A33599 = {
						CreatedOnToolsVersion = 10.1;
					};
				};
			};
			buildConfigurationList = FB334D03234D0E3800A33599 /* Build configuration list for PBXProject "'Bout Time" */;
			compatibilityVersion = "Xcode 9.3";
			developmentRegion = en;
			hasScannedForEncodings = 0;
			knownRegions = (
				en,
				Base,
			);
			mainGroup = FB334CFF234D0E3800A33599;
			productRefGroup = FB334D09234D0E3800A33599 /* Products */;
			projectDirPath = "";
			projectRoot = "";
			targets = (
				FB334D07234D0E3800A33599 /* 'Bout Time */,
			);
		};
/* End PBXProject section */

/* Begin PBXResourcesBuildPhase section */
		FB334D06234D0E3800A33599 /* Resources */ = {
			isa = PBXResourcesBuildPhase;
			buildActionMask = 2147483647;
			files = (
				FB334D23234D116200A33599 /* CorrectDing.wav in Resources */,
				FB334D16234D0E3900A33599 /* LaunchScreen.storyboard in Resources */,
				FB334D31234D12E100A33599 /* WorldEvents.plist in Resources */,
				FB334D22234D116200A33599 /* IncorrectBuzz.wav in Resources */,
				FB334D13234D0E3900A33599 /* Assets.xcassets in Resources */,
				FB334D11234D0E3800A33599 /* Main.storyboard in Resources */,
			);
			runOnlyForDeploymentPostprocessing = 0;
		};
/* End PBXResourcesBuildPhase section */

/* Begin PBXSourcesBuildPhase section */
		FB334D04234D0E3800A33599 /* Sources */ = {
			isa = PBXSourcesBuildPhase;
			buildActionMask = 2147483647;
			files = (
				FB334D2B234D126600A33599 /* BoutTimeGame.swift in Sources */,
				FB334D25234D11BF00A33599 /* GamePlayVC.swift in Sources */,
				FB334D29234D124400A33599 /* SoundEffectsPlayer.swift in Sources */,
				FB334D27234D11E900A33599 /* GameScoresVC.swift in Sources */,
				FB334D0C234D0E3800A33599 /* AppDelegate.swift in Sources */,
				FB334D2F234D129C00A33599 /* Event.swift in Sources */,
				FB334D2D234D128500A33599 /* RandomEventsGenerator.swift in Sources */,
			);
			runOnlyForDeploymentPostprocessing = 0;
		};
/* End PBXSourcesBuildPhase section */

/* Begin PBXVariantGroup section */
		FB334D0F234D0E3800A33599 /* Main.storyboard */ = {
			isa = PBXVariantGroup;
			children = (
				FB334D10234D0E3800A33599 /* Base */,
			);
			name = Main.storyboard;
			sourceTree = "<group>";
		};
		FB334D14234D0E3900A33599 /* LaunchScreen.storyboard */ = {
			isa = PBXVariantGroup;
			children = (
				FB334D15234D0E3900A33599 /* Base */,
			);
			name = LaunchScreen.storyboard;
			sourceTree = "<group>";
		};
/* End PBXVariantGroup section */

/* Begin XCBuildConfiguration section */
		FB334D18234D0E3900A33599 /* Debug */ = {
			isa = XCBuildConfiguration;
			buildSettings = {
				ALWAYS_SEARCH_USER_PATHS = NO;
				CLANG_ANALYZER_NONNULL = YES;
				CLANG_ANALYZER_NUMBER_OBJECT_CONVERSION = YES_AGGRESSIVE;
				CLANG_CXX_LANGUAGE_STANDARD = "gnu++14";
				CLANG_CXX_LIBRARY = "libc++";
				CLANG_ENABLE_MODULES = YES;
				CLANG_ENABLE_OBJC_ARC = YES;
				CLANG_ENABLE_OBJC_WEAK = YES;
				CLANG_WARN_BLOCK_CAPTURE_AUTORELEASING = YES;
				CLANG_WARN_BOOL_CONVERSION = YES;
				CLANG_WARN_COMMA = YES;
				CLANG_WARN_CONSTANT_CONVERSION = YES;
				CLANG_WARN_DEPRECATED_OBJC_IMPLEMENTATIONS = YES;
				CLANG_WARN_DIRECT_OBJC_ISA_USAGE = YES_ERROR;
				CLANG_WARN_DOCUMENTATION_COMMENTS = YES;
				CLANG_WARN_EMPTY_BODY = YES;
				CLANG_WARN_ENUM_CONVERSION = YES;
				CLANG_WARN_INFINITE_RECURSION = YES;
				CLANG_WARN_INT_CONVERSION = YES;
				CLANG_WARN_NON_LITERAL_NULL_CONVERSION = YES;
				CLANG_WARN_OBJC_IMPLICIT_RETAIN_SELF = YES;
				CLANG_WARN_OBJC_LITERAL_CONVERSION = YES;
				CLANG_WARN_OBJC_ROOT_CLASS = YES_ERROR;
				CLANG_WARN_RANGE_LOOP_ANALYSIS = YES;
				CLANG_WARN_STRICT_PROTOTYPES = YES;
				CLANG_WARN_SUSPICIOUS_MOVE = YES;
				CLANG_WARN_UNGUARDED_AVAILABILITY = YES_AGGRESSIVE;
				CLANG_WARN_UNREACHABLE_CODE = YES;
				CLANG_WARN__DUPLICATE_METHOD_MATCH = YES;
				CODE_SIGN_IDENTITY = "iPhone Developer";
				COPY_PHASE_STRIP = NO;
				DEBUG_INFORMATION_FORMAT = dwarf;
				ENABLE_STRICT_OBJC_MSGSEND = YES;
				ENABLE_TESTABILITY = YES;
				GCC_C_LANGUAGE_STANDARD = gnu11;
				GCC_DYNAMIC_NO_PIC = NO;
				GCC_NO_COMMON_BLOCKS = YES;
				GCC_OPTIMIZATION_LEVEL = 0;
				GCC_PREPROCESSOR_DEFINITIONS = (
					"DEBUG=1",
					"$(inherited)",
				);
				GCC_WARN_64_TO_32_BIT_CONVERSION = YES;
				GCC_WARN_ABOUT_RETURN_TYPE = YES_ERROR;
				GCC_WARN_UNDECLARED_SELECTOR = YES;
				GCC_WARN_UNINITIALIZED_AUTOS = YES_AGGRESSIVE;
				GCC_WARN_UNUSED_FUNCTION = YES;
				GCC_WARN_UNUSED_VARIABLE = YES;
				IPHONEOS_DEPLOYMENT_TARGET = 12.1;
				MTL_ENABLE_DEBUG_INFO = INCLUDE_SOURCE;
				MTL_FAST_MATH = YES;
				ONLY_ACTIVE_ARCH = YES;
				SDKROOT = iphoneos;
				SWIFT_ACTIVE_COMPILATION_CONDITIONS = DEBUG;
				SWIFT_OPTIMIZATION_LEVEL = "-Onone";
			};
			name = Debug;
		};
		FB334D19234D0E3900A33599 /* Release */ = {
			isa = XCBuildConfiguration;
			buildSettings = {
				ALWAYS_SEARCH_USER_PATHS = NO;
				CLANG_ANALYZER_NONNULL = YES;
				CLANG_ANALYZER_NUMBER_OBJECT_CONVERSION = YES_AGGRESSIVE;
				CLANG_CXX_LANGUAGE_STANDARD = "gnu++14";
				CLANG_CXX_LIBRARY = "libc++";
				CLANG_ENABLE_MODULES = YES;
				CLANG_ENABLE_OBJC_ARC = YES;
				CLANG_ENABLE_OBJC_WEAK = YES;
				CLANG_WARN_BLOCK_CAPTURE_AUTORELEASING = YES;
				CLANG_WARN_BOOL_CONVERSION = YES;
				CLANG_WARN_COMMA = YES;
				CLANG_WARN_CONSTANT_CONVERSION = YES;
				CLANG_WARN_DEPRECATED_OBJC_IMPLEMENTATIONS = YES;
				CLANG_WARN_DIRECT_OBJC_ISA_USAGE = YES_ERROR;
				CLANG_WARN_DOCUMENTATION_COMMENTS = YES;
				CLANG_WARN_EMPTY_BODY = YES;
				CLANG_WARN_ENUM_CONVERSION = YES;
				CLANG_WARN_INFINITE_RECURSION = YES;
				CLANG_WARN_INT_CONVERSION = YES;
				CLANG_WARN_NON_LITERAL_NULL_CONVERSION = YES;
				CLANG_WARN_OBJC_IMPLICIT_RETAIN_SELF = YES;
				CLANG_WARN_OBJC_LITERAL_CONVERSION = YES;
				CLANG_WARN_OBJC_ROOT_CLASS = YES_ERROR;
				CLANG_WARN_RANGE_LOOP_ANALYSIS = YES;
				CLANG_WARN_STRICT_PROTOTYPES = YES;
				CLANG_WARN_SUSPICIOUS_MOVE = YES;
				CLANG_WARN_UNGUARDED_AVAILABILITY = YES_AGGRESSIVE;
				CLANG_WARN_UNREACHABLE_CODE = YES;
				CLANG_WARN__DUPLICATE_METHOD_MATCH = YES;
				CODE_SIGN_IDENTITY = "iPhone Developer";
				COPY_PHASE_STRIP = NO;
				DEBUG_INFORMATION_FORMAT = "dwarf-with-dsym";
				ENABLE_NS_ASSERTIONS = NO;
				ENABLE_STRICT_OBJC_MSGSEND = YES;
				GCC_C_LANGUAGE_STANDARD = gnu11;
				GCC_NO_COMMON_BLOCKS = YES;
				GCC_WARN_64_TO_32_BIT_CONVERSION = YES;
				GCC_WARN_ABOUT_RETURN_TYPE = YES_ERROR;
				GCC_WARN_UNDECLARED_SELECTOR = YES;
				GCC_WARN_UNINITIALIZED_AUTOS = YES_AGGRESSIVE;
				GCC_WARN_UNUSED_FUNCTION = YES;
				GCC_WARN_UNUSED_VARIABLE = YES;
				IPHONEOS_DEPLOYMENT_TARGET = 12.1;
				MTL_ENABLE_DEBUG_INFO = NO;
				MTL_FAST_MATH = YES;
				SDKROOT = iphoneos;
				SWIFT_COMPILATION_MODE = wholemodule;
				SWIFT_OPTIMIZATION_LEVEL = "-O";
				VALIDATE_PRODUCT = YES;
			};
			name = Release;
		};
		FB334D1B234D0E3900A33599 /* Debug */ = {
			isa = XCBuildConfiguration;
			buildSettings = {
				ASSETCATALOG_COMPILER_APPICON_NAME = AppIcon;
				CODE_SIGN_STYLE = Automatic;
				DEVELOPMENT_TEAM = YF9VDWBXX5;
				INFOPLIST_FILE = "'Bout Time/Info.plist";
				LD_RUNPATH_SEARCH_PATHS = (
					"$(inherited)",
					"@executable_path/Frameworks",
				);
				PRODUCT_BUNDLE_IDENTIFIER = "com.thechoygroup.-Bout-Time";
				PRODUCT_NAME = "$(TARGET_NAME)";
				SWIFT_VERSION = 4.2;
				TARGETED_DEVICE_FAMILY = 1;
			};
			name = Debug;
		};
		FB334D1C234D0E3900A33599 /* Release */ = {
			isa = XCBuildConfiguration;
			buildSettings = {
				ASSETCATALOG_COMPILER_APPICON_NAME = AppIcon;
				CODE_SIGN_STYLE = Automatic;
				DEVELOPMENT_TEAM = YF9VDWBXX5;
				INFOPLIST_FILE = "'Bout Time/Info.plist";
				LD_RUNPATH_SEARCH_PATHS = (
					"$(inherited)",
					"@executable_path/Frameworks",
				);
				PRODUCT_BUNDLE_IDENTIFIER = "com.thechoygroup.-Bout-Time";
				PRODUCT_NAME = "$(TARGET_NAME)";
				SWIFT_VERSION = 4.2;
				TARGETED_DEVICE_FAMILY = 1;
			};
			name = Release;
		};
/* End XCBuildConfiguration section */

/* Begin XCConfigurationList section */
		FB334D03234D0E3800A33599 /* Build configuration list for PBXProject "'Bout Time" */ = {
			isa = XCConfigurationList;
			buildConfigurations = (
				FB334D18234D0E3900A33599 /* Debug */,
				FB334D19234D0E3900A33599 /* Release */,
			);
			defaultConfigurationIsVisible = 0;
			defaultConfigurationName = Release;
		};
		FB334D1A234D0E3900A33599 /* Build configuration list for PBXNativeTarget "'Bout Time" */ = {
			isa = XCConfigurationList;
			buildConfigurations = (
				FB334D1B234D0E3900A33599 /* Debug */,
				FB334D1C234D0E3900A33599 /* Release */,
			);
			defaultConfigurationIsVisible = 0;
			defaultConfigurationName = Release;
		};
/* End XCConfigurationList section */
	};
	rootObject = FB334D00234D0E3800A33599 /* Project object */;
}
